
Microsoft Visual Studio Solution File, Format Version 12.00
# Visual Studio 15
Project("{FAE04EC0-301F-11D3-BF4B-00C04F79EFBC}") = "BillScaner", "BillScaner\BillScaner.csproj", "{4C80A5AE-E403-4472-ABDC-9AE71B68A56C}"
EndProject
Global
	GlobalSection(SolutionConfigurationPlatforms) = preSolution
		Debug|iPhoneSimulator = Debug|iPhoneSimulator
		Release|iPhoneSimulator = Release|iPhoneSimulator
		Debug|iPhone = Debug|iPhone
		Release|iPhone = Release|iPhone
	EndGlobalSection
	GlobalSection(ProjectConfigurationPlatforms) = postSolution
		{4C80A5AE-E403-4472-ABDC-9AE71B68A56C}.Debug|iPhoneSimulator.ActiveCfg = Debug|iPhoneSimulator
		{4C80A5AE-E403-4472-ABDC-9AE71B68A56C}.Debug|iPhoneSimulator.Build.0 = Debug|iPhoneSimulator
		{4C80A5AE-E403-4472-ABDC-9AE71B68A56C}.Release|iPhoneSimulator.ActiveCfg = Release|iPhoneSimulator
		{4C80A5AE-E403-4472-ABDC-9AE71B68A56C}.Release|iPhoneSimulator.Build.0 = Release|iPhoneSimulator
		{4C80A5AE-E403-4472-ABDC-9AE71B68A56C}.Debug|iPhone.ActiveCfg = Debug|iPhone
		{4C80A5AE-E403-4472-ABDC-9AE71B68A56C}.Debug|iPhone.Build.0 = Debug|iPhone
		{4C80A5AE-E403-4472-ABDC-9AE71B68A56C}.Release|iPhone.ActiveCfg = Release|iPhone
		{4C80A5AE-E403-4472-ABDC-9AE71B68A56C}.Release|iPhone.Build.0 = Release|iPhone
	EndGlobalSection
EndGlobal
